
Microsoft Visual Studio Solution File, Format Version 12.00
# Visual Studio Version 17
VisualStudioVersion = 17.0.32014.148
MinimumVisualStudioVersion = 10.0.40219.1
Project("{9A19103F-16F7-4668-BE54-9A1E7A4F7556}") = "DeathStrandingPorteria.ExtractionScript", "src\DeathStrandingPorteria.ExtractionScript\DeathStrandingPorteria.ExtractionScript.csproj", "{CD1EDB62-F09C-4028-8850-E82BBF246E0A}"
EndProject
Global
	GlobalSection(SolutionConfigurationPlatforms) = preSolution
		Debug|Any CPU = Debug|Any CPU
		Release|Any CPU = Release|Any CPU
	EndGlobalSection
	GlobalSection(ProjectConfigurationPlatforms) = postSolution
		{CD1EDB62-F09C-4028-8850-E82BBF246E0A}.Debug|Any CPU.ActiveCfg = Debug|Any CPU
		{CD1EDB62-F09C-4028-8850-E82BBF246E0A}.Debug|Any CPU.Build.0 = Debug|Any CPU
		{CD1EDB62-F09C-4028-8850-E82BBF246E0A}.Release|Any CPU.ActiveCfg = Release|Any CPU
		{CD1EDB62-F09C-4028-8850-E82BBF246E0A}.Release|Any CPU.Build.0 = Release|Any CPU
	EndGlobalSection
	GlobalSection(SolutionProperties) = preSolution
		HideSolutionNode = FALSE
	EndGlobalSection
	GlobalSection(ExtensibilityGlobals) = postSolution
		SolutionGuid = {51E715FF-E640-484B-9482-1E29EF0329E3}
	EndGlobalSection
EndGlobal
