
Microsoft Visual Studio Solution File, Format Version 12.00
# Visual Studio Version 17
VisualStudioVersion = 17.0.32014.148
MinimumVisualStudioVersion = 10.0.40219.1
Project("{FAE04EC0-301F-11D3-BF4B-00C04F79EFBC}") = "DeathStrandingPorteria.ExtractionScript", "DeathStrandingPorteria.ExtractionScript\DeathStrandingPorteria.ExtractionScript.csproj", "{D88A6EED-1E5D-454D-A3CB-FBC7D2AAC0EA}"
EndProject
Global
	GlobalSection(SolutionConfigurationPlatforms) = preSolution
		Debug|Any CPU = Debug|Any CPU
		Release|Any CPU = Release|Any CPU
	EndGlobalSection
	GlobalSection(ProjectConfigurationPlatforms) = postSolution
		{D88A6EED-1E5D-454D-A3CB-FBC7D2AAC0EA}.Debug|Any CPU.ActiveCfg = Debug|Any CPU
		{D88A6EED-1E5D-454D-A3CB-FBC7D2AAC0EA}.Debug|Any CPU.Build.0 = Debug|Any CPU
		{D88A6EED-1E5D-454D-A3CB-FBC7D2AAC0EA}.Release|Any CPU.ActiveCfg = Release|Any CPU
		{D88A6EED-1E5D-454D-A3CB-FBC7D2AAC0EA}.Release|Any CPU.Build.0 = Release|Any CPU
	EndGlobalSection
	GlobalSection(SolutionProperties) = preSolution
		HideSolutionNode = FALSE
	EndGlobalSection
	GlobalSection(ExtensibilityGlobals) = postSolution
		SolutionGuid = {51E715FF-E640-484B-9482-1E29EF0329E3}
	EndGlobalSection
EndGlobal
